
Microsoft Visual Studio Solution File, Format Version 12.00
# Visual Studio Version 16
VisualStudioVersion = 16.0.28729.10
MinimumVisualStudioVersion = 10.0.40219.1
Project("{2150E333-8FDC-42A3-9474-1A3956D46DE8}") = "1 - Distribution Layer", "1 - Distribution Layer", "{8D766612-2F8B-4347-B659-3D2FDE6DB928}"
EndProject
Project("{2150E333-8FDC-42A3-9474-1A3956D46DE8}") = "2 - Application Layer", "2 - Application Layer", "{ED82BDEC-F9C1-467E-A07C-9401FAF5CCDD}"
EndProject
Project("{2150E333-8FDC-42A3-9474-1A3956D46DE8}") = "3 - Domain layer", "3 - Domain layer", "{3A1DEC06-BEE4-4D38-AAC7-966F186CEEDF}"
EndProject
Project("{2150E333-8FDC-42A3-9474-1A3956D46DE8}") = "4 - Infra Layer", "4 - Infra Layer", "{5E5C709A-9E68-4963-AFCB-5AA8E29D8248}"
EndProject
Project("{2150E333-8FDC-42A3-9474-1A3956D46DE8}") = "5 - DataBase", "5 - DataBase", "{37D1C6C9-1B91-4106-A743-53A7454DDCEC}"
EndProject
Project("{9A19103F-16F7-4668-BE54-9A1E7A4F7556}") = "eFlight..Infra", "Turism.Infra\eFlight..Infra.csproj", "{F43EFA8D-F4AF-43A5-83EB-278FCE88C723}"
EndProject
Project("{9A19103F-16F7-4668-BE54-9A1E7A4F7556}") = "eFlight.Application", "eFlight.Application\eFlight.Application.csproj", "{432178E5-EF97-4B72-A4B5-7E0895852A0F}"
EndProject
Project("{9A19103F-16F7-4668-BE54-9A1E7A4F7556}") = "eFlight..Domain", "eFlight.Domain\eFlight..Domain.csproj", "{1718F7F4-9CA4-47C8-94E6-99F73AF5FD2C}"
EndProject
Project("{9A19103F-16F7-4668-BE54-9A1E7A4F7556}") = "eFlight.Infra.Data", "eFlight.Infra.Data\eFlight.Infra.Data.csproj", "{5396B263-9586-4879-8B57-A8CE29E2B1D5}"
EndProject
Project("{00D1A9C2-B5F0-4AF3-8072-F6C62B433612}") = "eFlight.DB", "eFlight.DB\eFlight.DB.sqlproj", "{71AB2FF6-1666-4FD9-A61D-A6F07A836BFE}"
EndProject
Global
	GlobalSection(SolutionConfigurationPlatforms) = preSolution
		Debug|Any CPU = Debug|Any CPU
		Release|Any CPU = Release|Any CPU
	EndGlobalSection
	GlobalSection(ProjectConfigurationPlatforms) = postSolution
		{F43EFA8D-F4AF-43A5-83EB-278FCE88C723}.Debug|Any CPU.ActiveCfg = Debug|Any CPU
		{F43EFA8D-F4AF-43A5-83EB-278FCE88C723}.Debug|Any CPU.Build.0 = Debug|Any CPU
		{F43EFA8D-F4AF-43A5-83EB-278FCE88C723}.Release|Any CPU.ActiveCfg = Release|Any CPU
		{F43EFA8D-F4AF-43A5-83EB-278FCE88C723}.Release|Any CPU.Build.0 = Release|Any CPU
		{432178E5-EF97-4B72-A4B5-7E0895852A0F}.Debug|Any CPU.ActiveCfg = Debug|Any CPU
		{432178E5-EF97-4B72-A4B5-7E0895852A0F}.Debug|Any CPU.Build.0 = Debug|Any CPU
		{432178E5-EF97-4B72-A4B5-7E0895852A0F}.Release|Any CPU.ActiveCfg = Release|Any CPU
		{432178E5-EF97-4B72-A4B5-7E0895852A0F}.Release|Any CPU.Build.0 = Release|Any CPU
		{1718F7F4-9CA4-47C8-94E6-99F73AF5FD2C}.Debug|Any CPU.ActiveCfg = Debug|Any CPU
		{1718F7F4-9CA4-47C8-94E6-99F73AF5FD2C}.Debug|Any CPU.Build.0 = Debug|Any CPU
		{1718F7F4-9CA4-47C8-94E6-99F73AF5FD2C}.Release|Any CPU.ActiveCfg = Release|Any CPU
		{1718F7F4-9CA4-47C8-94E6-99F73AF5FD2C}.Release|Any CPU.Build.0 = Release|Any CPU
		{5396B263-9586-4879-8B57-A8CE29E2B1D5}.Debug|Any CPU.ActiveCfg = Debug|Any CPU
		{5396B263-9586-4879-8B57-A8CE29E2B1D5}.Debug|Any CPU.Build.0 = Debug|Any CPU
		{5396B263-9586-4879-8B57-A8CE29E2B1D5}.Release|Any CPU.ActiveCfg = Release|Any CPU
		{5396B263-9586-4879-8B57-A8CE29E2B1D5}.Release|Any CPU.Build.0 = Release|Any CPU
		{71AB2FF6-1666-4FD9-A61D-A6F07A836BFE}.Debug|Any CPU.ActiveCfg = Debug|Any CPU
		{71AB2FF6-1666-4FD9-A61D-A6F07A836BFE}.Debug|Any CPU.Build.0 = Debug|Any CPU
		{71AB2FF6-1666-4FD9-A61D-A6F07A836BFE}.Debug|Any CPU.Deploy.0 = Debug|Any CPU
		{71AB2FF6-1666-4FD9-A61D-A6F07A836BFE}.Release|Any CPU.ActiveCfg = Release|Any CPU
		{71AB2FF6-1666-4FD9-A61D-A6F07A836BFE}.Release|Any CPU.Build.0 = Release|Any CPU
		{71AB2FF6-1666-4FD9-A61D-A6F07A836BFE}.Release|Any CPU.Deploy.0 = Release|Any CPU
	EndGlobalSection
	GlobalSection(SolutionProperties) = preSolution
		HideSolutionNode = FALSE
	EndGlobalSection
	GlobalSection(NestedProjects) = preSolution
		{F43EFA8D-F4AF-43A5-83EB-278FCE88C723} = {5E5C709A-9E68-4963-AFCB-5AA8E29D8248}
		{432178E5-EF97-4B72-A4B5-7E0895852A0F} = {8D766612-2F8B-4347-B659-3D2FDE6DB928}
		{1718F7F4-9CA4-47C8-94E6-99F73AF5FD2C} = {3A1DEC06-BEE4-4D38-AAC7-966F186CEEDF}
		{5396B263-9586-4879-8B57-A8CE29E2B1D5} = {5E5C709A-9E68-4963-AFCB-5AA8E29D8248}
		{71AB2FF6-1666-4FD9-A61D-A6F07A836BFE} = {37D1C6C9-1B91-4106-A743-53A7454DDCEC}
	EndGlobalSection
	GlobalSection(ExtensibilityGlobals) = postSolution
		SolutionGuid = {2AFA8FD9-DD43-4622-99FE-476C0EE1C893}
	EndGlobalSection
EndGlobal
